dependencies:
  espressif/esp_websocket_client:
    component_hash: 3fb288702517ef4d75bf933a115f1056ee0c2540d964f9e1d856e0bb67e1dfeb
    dependencies:
    - name: idf
      require: private
      version: '>=5.0'
    source:
      registry_url: https://components.espressif.com/
      type: service
    version: 1.7.0
  idf:
    source:
      type: idf
    version: 5.5.4
direct_dependencies:
- espressif/esp_websocket_client
- idf
manifest_hash: f2f565804be20169a96467ddae19797fec6b400d55b8f8fe2b559aebf4faf223
target: esp32
version: 2.0.0
